
Microsoft Visual Studio Solution File, Format Version 12.00
# Visual Studio 15
VisualStudioVersion = 15.0.27703.2026
MinimumVisualStudioVersion = 10.0.40219.1
Project("{FAE04EC0-301F-11D3-BF4B-00C04F79EFBC}") = "WebApplication", "WebApplication\WebApplication.csproj", "{0763C7F8-47CD-41A2-A23A-45366FDEA011}"
EndProject
Global
	GlobalSection(SolutionConfigurationPlatforms) = preSolution
		Debug|Any CPU = Debug|Any CPU
		Release|Any CPU = Release|Any CPU
	EndGlobalSection
	GlobalSection(ProjectConfigurationPlatforms) = postSolution
		{0763C7F8-47CD-41A2-A23A-45366FDEA011}.Debug|Any CPU.ActiveCfg = Debug|Any CPU
		{0763C7F8-47CD-41A2-A23A-45366FDEA011}.Debug|Any CPU.Build.0 = Debug|Any CPU
		{0763C7F8-47CD-41A2-A23A-45366FDEA011}.Release|Any CPU.ActiveCfg = Release|Any CPU
		{0763C7F8-47CD-41A2-A23A-45366FDEA011}.Release|Any CPU.Build.0 = Release|Any CPU
	EndGlobalSection
	GlobalSection(SolutionProperties) = preSolution
		HideSolutionNode = FALSE
	EndGlobalSection
	GlobalSection(ExtensibilityGlobals) = postSolution
		SolutionGuid = {416CF715-E651-4644-B9BD-C3E189565979}
	EndGlobalSection
EndGlobal
